
Microsoft Visual Studio Solution File, Format Version 12.00
# Visual Studio Version 17
VisualStudioVersion = 17.10.35122.118
MinimumVisualStudioVersion = 10.0.40219.1
Project("{FAE04EC0-301F-11D3-BF4B-00C04F79EFBC}") = "Product-Rent", "Product-Rent\Product-Rent.csproj", "{006BF6A4-0E0D-4C3D-8141-5DC5A5CBDD4C}"
EndProject
Global
	GlobalSection(SolutionConfigurationPlatforms) = preSolution
		Debug|Any CPU = Debug|Any CPU
		Release|Any CPU = Release|Any CPU
	EndGlobalSection
	GlobalSection(ProjectConfigurationPlatforms) = postSolution
		{006BF6A4-0E0D-4C3D-8141-5DC5A5CBDD4C}.Debug|Any CPU.ActiveCfg = Debug|Any CPU
		{006BF6A4-0E0D-4C3D-8141-5DC5A5CBDD4C}.Debug|Any CPU.Build.0 = Debug|Any CPU
		{006BF6A4-0E0D-4C3D-8141-5DC5A5CBDD4C}.Release|Any CPU.ActiveCfg = Release|Any CPU
		{006BF6A4-0E0D-4C3D-8141-5DC5A5CBDD4C}.Release|Any CPU.Build.0 = Release|Any CPU
	EndGlobalSection
	GlobalSection(SolutionProperties) = preSolution
		HideSolutionNode = FALSE
	EndGlobalSection
	GlobalSection(ExtensibilityGlobals) = postSolution
		SolutionGuid = {645E38F4-20E1-48AB-BEA5-7B3FE5E01227}
	EndGlobalSection
EndGlobal
